
Microsoft Visual Studio Solution File, Format Version 12.00
# Visual Studio Version 17
VisualStudioVersion = 17.0.31903.59
MinimumVisualStudioVersion = 10.0.40219.1
Project("{FAE04EC0-301F-11D3-BF4B-00C04F79EFBC}") = "Posexpress.Api", "Posexpress.Api\Posexpress.Api.csproj", "{1D4D00A4-2558-4821-A1E8-7D09C230D8AF}"
EndProject
Project("{FAE04EC0-301F-11D3-BF4B-00C04F79EFBC}") = "Posexpress.Core", "Posexpress.Core\Posexpress.Core.csproj", "{7971BD4E-C622-4C07-814F-B3117939FBF9}"
EndProject
Project("{FAE04EC0-301F-11D3-BF4B-00C04F79EFBC}") = "Posexpress.Infrastructure", "Posexpress.Infrastructure\Posexpress.Infrastructure.csproj", "{54A786FD-52EC-4268-82A8-B8D26A5D211A}"
EndProject
Global
	GlobalSection(SolutionConfigurationPlatforms) = preSolution
		Debug|Any CPU = Debug|Any CPU
		Debug|x64 = Debug|x64
		Debug|x86 = Debug|x86
		Release|Any CPU = Release|Any CPU
		Release|x64 = Release|x64
		Release|x86 = Release|x86
	EndGlobalSection
	GlobalSection(ProjectConfigurationPlatforms) = postSolution
		{1D4D00A4-2558-4821-A1E8-7D09C230D8AF}.Debug|Any CPU.ActiveCfg = Debug|Any CPU
		{1D4D00A4-2558-4821-A1E8-7D09C230D8AF}.Debug|Any CPU.Build.0 = Debug|Any CPU
		{1D4D00A4-2558-4821-A1E8-7D09C230D8AF}.Debug|x64.ActiveCfg = Debug|Any CPU
		{1D4D00A4-2558-4821-A1E8-7D09C230D8AF}.Debug|x64.Build.0 = Debug|Any CPU
		{1D4D00A4-2558-4821-A1E8-7D09C230D8AF}.Debug|x86.ActiveCfg = Debug|Any CPU
		{1D4D00A4-2558-4821-A1E8-7D09C230D8AF}.Debug|x86.Build.0 = Debug|Any CPU
		{1D4D00A4-2558-4821-A1E8-7D09C230D8AF}.Release|Any CPU.ActiveCfg = Release|Any CPU
		{1D4D00A4-2558-4821-A1E8-7D09C230D8AF}.Release|Any CPU.Build.0 = Release|Any CPU
		{1D4D00A4-2558-4821-A1E8-7D09C230D8AF}.Release|x64.ActiveCfg = Release|Any CPU
		{1D4D00A4-2558-4821-A1E8-7D09C230D8AF}.Release|x64.Build.0 = Release|Any CPU
		{1D4D00A4-2558-4821-A1E8-7D09C230D8AF}.Release|x86.ActiveCfg = Release|Any CPU
		{1D4D00A4-2558-4821-A1E8-7D09C230D8AF}.Release|x86.Build.0 = Release|Any CPU
		{7971BD4E-C622-4C07-814F-B3117939FBF9}.Debug|Any CPU.ActiveCfg = Debug|Any CPU
		{7971BD4E-C622-4C07-814F-B3117939FBF9}.Debug|Any CPU.Build.0 = Debug|Any CPU
		{7971BD4E-C622-4C07-814F-B3117939FBF9}.Debug|x64.ActiveCfg = Debug|Any CPU
		{7971BD4E-C622-4C07-814F-B3117939FBF9}.Debug|x64.Build.0 = Debug|Any CPU
		{7971BD4E-C622-4C07-814F-B3117939FBF9}.Debug|x86.ActiveCfg = Debug|Any CPU
		{7971BD4E-C622-4C07-814F-B3117939FBF9}.Debug|x86.Build.0 = Debug|Any CPU
		{7971BD4E-C622-4C07-814F-B3117939FBF9}.Release|Any CPU.ActiveCfg = Release|Any CPU
		{7971BD4E-C622-4C07-814F-B3117939FBF9}.Release|Any CPU.Build.0 = Release|Any CPU
		{7971BD4E-C622-4C07-814F-B3117939FBF9}.Release|x64.ActiveCfg = Release|Any CPU
		{7971BD4E-C622-4C07-814F-B3117939FBF9}.Release|x64.Build.0 = Release|Any CPU
		{7971BD4E-C622-4C07-814F-B3117939FBF9}.Release|x86.ActiveCfg = Release|Any CPU
		{7971BD4E-C622-4C07-814F-B3117939FBF9}.Release|x86.Build.0 = Release|Any CPU
		{54A786FD-52EC-4268-82A8-B8D26A5D211A}.Debug|Any CPU.ActiveCfg = Debug|Any CPU
		{54A786FD-52EC-4268-82A8-B8D26A5D211A}.Debug|Any CPU.Build.0 = Debug|Any CPU
		{54A786FD-52EC-4268-82A8-B8D26A5D211A}.Debug|x64.ActiveCfg = Debug|Any CPU
		{54A786FD-52EC-4268-82A8-B8D26A5D211A}.Debug|x64.Build.0 = Debug|Any CPU
		{54A786FD-52EC-4268-82A8-B8D26A5D211A}.Debug|x86.ActiveCfg = Debug|Any CPU
		{54A786FD-52EC-4268-82A8-B8D26A5D211A}.Debug|x86.Build.0 = Debug|Any CPU
		{54A786FD-52EC-4268-82A8-B8D26A5D211A}.Release|Any CPU.ActiveCfg = Release|Any CPU
		{54A786FD-52EC-4268-82A8-B8D26A5D211A}.Release|Any CPU.Build.0 = Release|Any CPU
		{54A786FD-52EC-4268-82A8-B8D26A5D211A}.Release|x64.ActiveCfg = Release|Any CPU
		{54A786FD-52EC-4268-82A8-B8D26A5D211A}.Release|x64.Build.0 = Release|Any CPU
		{54A786FD-52EC-4268-82A8-B8D26A5D211A}.Release|x86.ActiveCfg = Release|Any CPU
		{54A786FD-52EC-4268-82A8-B8D26A5D211A}.Release|x86.Build.0 = Release|Any CPU
	EndGlobalSection
	GlobalSection(SolutionProperties) = preSolution
		HideSolutionNode = FALSE
	EndGlobalSection
EndGlobal
